
Microsoft Visual Studio Solution File, Format Version 12.00
# Visual Studio 15
VisualStudioVersion = 15.0.28307.960
MinimumVisualStudioVersion = 10.0.40219.1
Project("{FAE04EC0-301F-11D3-BF4B-00C04F79EFBC}") = "ArCoreXamarin.Android", "ArCoreXamarin\ArCoreXamarin.Android\ArCoreXamarin.Android.csproj", "{0EA1CBAA-8468-4709-9216-C1E3FEF38E0B}"
EndProject
Project("{FAE04EC0-301F-11D3-BF4B-00C04F79EFBC}") = "ArCoreXamarin.iOS", "ArCoreXamarin\ArCoreXamarin.iOS\ArCoreXamarin.iOS.csproj", "{11289B19-7163-46C7-B9B7-37F37A3C17EF}"
EndProject
Project("{FAE04EC0-301F-11D3-BF4B-00C04F79EFBC}") = "ArCoreXamarin", "ArCoreXamarin\ArCoreXamarin\ArCoreXamarin.csproj", "{0585244C-846A-4C25-B2A9-213D99684ABE}"
EndProject
Global
	GlobalSection(SolutionConfigurationPlatforms) = preSolution
		Ad-Hoc|Any CPU = Ad-Hoc|Any CPU
		Ad-Hoc|iPhone = Ad-Hoc|iPhone
		Ad-Hoc|iPhoneSimulator = Ad-Hoc|iPhoneSimulator
		AppStore|Any CPU = AppStore|Any CPU
		AppStore|iPhone = AppStore|iPhone
		AppStore|iPhoneSimulator = AppStore|iPhoneSimulator
		Debug|Any CPU = Debug|Any CPU
		Debug|iPhone = Debug|iPhone
		Debug|iPhoneSimulator = Debug|iPhoneSimulator
		Release|Any CPU = Release|Any CPU
		Release|iPhone = Release|iPhone
		Release|iPhoneSimulator = Release|iPhoneSimulator
	EndGlobalSection
	GlobalSection(ProjectConfigurationPlatforms) = postSolution
		{0EA1CBAA-8468-4709-9216-C1E3FEF38E0B}.Ad-Hoc|Any CPU.ActiveCfg = Release|Any CPU
		{0EA1CBAA-8468-4709-9216-C1E3FEF38E0B}.Ad-Hoc|Any CPU.Build.0 = Release|Any CPU
		{0EA1CBAA-8468-4709-9216-C1E3FEF38E0B}.Ad-Hoc|Any CPU.Deploy.0 = Release|Any CPU
		{0EA1CBAA-8468-4709-9216-C1E3FEF38E0B}.Ad-Hoc|iPhone.ActiveCfg = Release|Any CPU
		{0EA1CBAA-8468-4709-9216-C1E3FEF38E0B}.Ad-Hoc|iPhone.Build.0 = Release|Any CPU
		{0EA1CBAA-8468-4709-9216-C1E3FEF38E0B}.Ad-Hoc|iPhone.Deploy.0 = Release|Any CPU
		{0EA1CBAA-8468-4709-9216-C1E3FEF38E0B}.Ad-Hoc|iPhoneSimulator.ActiveCfg = Release|Any CPU
		{0EA1CBAA-8468-4709-9216-C1E3FEF38E0B}.Ad-Hoc|iPhoneSimulator.Build.0 = Release|Any CPU
		{0EA1CBAA-8468-4709-9216-C1E3FEF38E0B}.Ad-Hoc|iPhoneSimulator.Deploy.0 = Release|Any CPU
		{0EA1CBAA-8468-4709-9216-C1E3FEF38E0B}.AppStore|Any CPU.ActiveCfg = Release|Any CPU
		{0EA1CBAA-8468-4709-9216-C1E3FEF38E0B}.AppStore|Any CPU.Build.0 = Release|Any CPU
		{0EA1CBAA-8468-4709-9216-C1E3FEF38E0B}.AppStore|Any CPU.Deploy.0 = Release|Any CPU
		{0EA1CBAA-8468-4709-9216-C1E3FEF38E0B}.AppStore|iPhone.ActiveCfg = Release|Any CPU
		{0EA1CBAA-8468-4709-9216-C1E3FEF38E0B}.AppStore|iPhone.Build.0 = Release|Any CPU
		{0EA1CBAA-8468-4709-9216-C1E3FEF38E0B}.AppStore|iPhone.Deploy.0 = Release|Any CPU
		{0EA1CBAA-8468-4709-9216-C1E3FEF38E0B}.AppStore|iPhoneSimulator.ActiveCfg = Release|Any CPU
		{0EA1CBAA-8468-4709-9216-C1E3FEF38E0B}.AppStore|iPhoneSimulator.Build.0 = Release|Any CPU
		{0EA1CBAA-8468-4709-9216-C1E3FEF38E0B}.AppStore|iPhoneSimulator.Deploy.0 = Release|Any CPU
		{0EA1CBAA-8468-4709-9216-C1E3FEF38E0B}.Debug|Any CPU.ActiveCfg = Debug|Any CPU
		{0EA1CBAA-8468-4709-9216-C1E3FEF38E0B}.Debug|Any CPU.Build.0 = Debug|Any CPU
		{0EA1CBAA-8468-4709-9216-C1E3FEF38E0B}.Debug|Any CPU.Deploy.0 = Debug|Any CPU
		{0EA1CBAA-8468-4709-9216-C1E3FEF38E0B}.Debug|iPhone.ActiveCfg = Debug|Any CPU
		{0EA1CBAA-8468-4709-9216-C1E3FEF38E0B}.Debug|iPhone.Build.0 = Debug|Any CPU
		{0EA1CBAA-8468-4709-9216-C1E3FEF38E0B}.Debug|iPhone.Deploy.0 = Debug|Any CPU
		{0EA1CBAA-8468-4709-9216-C1E3FEF38E0B}.Debug|iPhoneSimulator.ActiveCfg = Debug|Any CPU
		{0EA1CBAA-8468-4709-9216-C1E3FEF38E0B}.Debug|iPhoneSimulator.Build.0 = Debug|Any CPU
		{0EA1CBAA-8468-4709-9216-C1E3FEF38E0B}.Debug|iPhoneSimulator.Deploy.0 = Debug|Any CPU
		{0EA1CBAA-8468-4709-9216-C1E3FEF38E0B}.Release|Any CPU.ActiveCfg = Release|Any CPU
		{0EA1CBAA-8468-4709-9216-C1E3FEF38E0B}.Release|Any CPU.Build.0 = Release|Any CPU
		{0EA1CBAA-8468-4709-9216-C1E3FEF38E0B}.Release|Any CPU.Deploy.0 = Release|Any CPU
		{0EA1CBAA-8468-4709-9216-C1E3FEF38E0B}.Release|iPhone.ActiveCfg = Release|Any CPU
		{0EA1CBAA-8468-4709-9216-C1E3FEF38E0B}.Release|iPhone.Build.0 = Release|Any CPU
		{0EA1CBAA-8468-4709-9216-C1E3FEF38E0B}.Release|iPhone.Deploy.0 = Release|Any CPU
		{0EA1CBAA-8468-4709-9216-C1E3FEF38E0B}.Release|iPhoneSimulator.ActiveCfg = Release|Any CPU
		{0EA1CBAA-8468-4709-9216-C1E3FEF38E0B}.Release|iPhoneSimulator.Build.0 = Release|Any CPU
		{0EA1CBAA-8468-4709-9216-C1E3FEF38E0B}.Release|iPhoneSimulator.Deploy.0 = Release|Any CPU
		{11289B19-7163-46C7-B9B7-37F37A3C17EF}.Ad-Hoc|Any CPU.ActiveCfg = Ad-Hoc|iPhone
		{11289B19-7163-46C7-B9B7-37F37A3C17EF}.Ad-Hoc|Any CPU.Build.0 = Ad-Hoc|iPhone
		{11289B19-7163-46C7-B9B7-37F37A3C17EF}.Ad-Hoc|Any CPU.Deploy.0 = Ad-Hoc|iPhone
		{11289B19-7163-46C7-B9B7-37F37A3C17EF}.Ad-Hoc|iPhone.ActiveCfg = Ad-Hoc|iPhone
		{11289B19-7163-46C7-B9B7-37F37A3C17EF}.Ad-Hoc|iPhone.Build.0 = Ad-Hoc|iPhone
		{11289B19-7163-46C7-B9B7-37F37A3C17EF}.Ad-Hoc|iPhone.Deploy.0 = Ad-Hoc|iPhone
		{11289B19-7163-46C7-B9B7-37F37A3C17EF}.Ad-Hoc|iPhoneSimulator.ActiveCfg = Ad-Hoc|iPhoneSimulator
		{11289B19-7163-46C7-B9B7-37F37A3C17EF}.Ad-Hoc|iPhoneSimulator.Build.0 = Ad-Hoc|iPhoneSimulator
		{11289B19-7163-46C7-B9B7-37F37A3C17EF}.Ad-Hoc|iPhoneSimulator.Deploy.0 = Ad-Hoc|iPhoneSimulator
		{11289B19-7163-46C7-B9B7-37F37A3C17EF}.AppStore|Any CPU.ActiveCfg = AppStore|iPhone
		{11289B19-7163-46C7-B9B7-37F37A3C17EF}.AppStore|Any CPU.Build.0 = AppStore|iPhone
		{11289B19-7163-46C7-B9B7-37F37A3C17EF}.AppStore|Any CPU.Deploy.0 = AppStore|iPhone
		{11289B19-7163-46C7-B9B7-37F37A3C17EF}.AppStore|iPhone.ActiveCfg = AppStore|iPhone
		{11289B19-7163-46C7-B9B7-37F37A3C17EF}.AppStore|iPhone.Build.0 = AppStore|iPhone
		{11289B19-7163-46C7-B9B7-37F37A3C17EF}.AppStore|iPhone.Deploy.0 = AppStore|iPhone
		{11289B19-7163-46C7-B9B7-37F37A3C17EF}.AppStore|iPhoneSimulator.ActiveCfg = AppStore|iPhoneSimulator
		{11289B19-7163-46C7-B9B7-37F37A3C17EF}.AppStore|iPhoneSimulator.Build.0 = AppStore|iPhoneSimulator
		{11289B19-7163-46C7-B9B7-37F37A3C17EF}.AppStore|iPhoneSimulator.Deploy.0 = AppStore|iPhoneSimulator
		{11289B19-7163-46C7-B9B7-37F37A3C17EF}.Debug|Any CPU.ActiveCfg = Debug|iPhoneSimulator
		{11289B19-7163-46C7-B9B7-37F37A3C17EF}.Debug|Any CPU.Build.0 = Debug|iPhoneSimulator
		{11289B19-7163-46C7-B9B7-37F37A3C17EF}.Debug|Any CPU.Deploy.0 = Debug|iPhoneSimulator
		{11289B19-7163-46C7-B9B7-37F37A3C17EF}.Debug|iPhone.ActiveCfg = Debug|iPhone
		{11289B19-7163-46C7-B9B7-37F37A3C17EF}.Debug|iPhone.Build.0 = Debug|iPhone
		{11289B19-7163-46C7-B9B7-37F37A3C17EF}.Debug|iPhone.Deploy.0 = Debug|iPhone
		{11289B19-7163-46C7-B9B7-37F37A3C17EF}.Debug|iPhoneSimulator.ActiveCfg = Debug|iPhoneSimulator
		{11289B19-7163-46C7-B9B7-37F37A3C17EF}.Debug|iPhoneSimulator.Build.0 = Debug|iPhoneSimulator
		{11289B19-7163-46C7-B9B7-37F37A3C17EF}.Debug|iPhoneSimulator.Deploy.0 = Debug|iPhoneSimulator
		{11289B19-7163-46C7-B9B7-37F37A3C17EF}.Release|Any CPU.ActiveCfg = Release|iPhone
		{11289B19-7163-46C7-B9B7-37F37A3C17EF}.Release|Any CPU.Build.0 = Release|iPhone
		{11289B19-7163-46C7-B9B7-37F37A3C17EF}.Release|Any CPU.Deploy.0 = Release|iPhone
		{11289B19-7163-46C7-B9B7-37F37A3C17EF}.Release|iPhone.ActiveCfg = Release|iPhone
		{11289B19-7163-46C7-B9B7-37F37A3C17EF}.Release|iPhone.Build.0 = Release|iPhone
		{11289B19-7163-46C7-B9B7-37F37A3C17EF}.Release|iPhone.Deploy.0 = Release|iPhone
		{11289B19-7163-46C7-B9B7-37F37A3C17EF}.Release|iPhoneSimulator.ActiveCfg = Release|iPhoneSimulator
		{11289B19-7163-46C7-B9B7-37F37A3C17EF}.Release|iPhoneSimulator.Build.0 = Release|iPhoneSimulator
		{11289B19-7163-46C7-B9B7-37F37A3C17EF}.Release|iPhoneSimulator.Deploy.0 = Release|iPhoneSimulator
		{0585244C-846A-4C25-B2A9-213D99684ABE}.Ad-Hoc|Any CPU.ActiveCfg = Debug|Any CPU
		{0585244C-846A-4C25-B2A9-213D99684ABE}.Ad-Hoc|Any CPU.Build.0 = Debug|Any CPU
		{0585244C-846A-4C25-B2A9-213D99684ABE}.Ad-Hoc|Any CPU.Deploy.0 = Debug|Any CPU
		{0585244C-846A-4C25-B2A9-213D99684ABE}.Ad-Hoc|iPhone.ActiveCfg = Debug|Any CPU
		{0585244C-846A-4C25-B2A9-213D99684ABE}.Ad-Hoc|iPhone.Build.0 = Debug|Any CPU
		{0585244C-846A-4C25-B2A9-213D99684ABE}.Ad-Hoc|iPhone.Deploy.0 = Debug|Any CPU
		{0585244C-846A-4C25-B2A9-213D99684ABE}.Ad-Hoc|iPhoneSimulator.ActiveCfg = Debug|Any CPU
		{0585244C-846A-4C25-B2A9-213D99684ABE}.Ad-Hoc|iPhoneSimulator.Build.0 = Debug|Any CPU
		{0585244C-846A-4C25-B2A9-213D99684ABE}.Ad-Hoc|iPhoneSimulator.Deploy.0 = Debug|Any CPU
		{0585244C-846A-4C25-B2A9-213D99684ABE}.AppStore|Any CPU.ActiveCfg = Debug|Any CPU
		{0585244C-846A-4C25-B2A9-213D99684ABE}.AppStore|Any CPU.Build.0 = Debug|Any CPU
		{0585244C-846A-4C25-B2A9-213D99684ABE}.AppStore|Any CPU.Deploy.0 = Debug|Any CPU
		{0585244C-846A-4C25-B2A9-213D99684ABE}.AppStore|iPhone.ActiveCfg = Debug|Any CPU
		{0585244C-846A-4C25-B2A9-213D99684ABE}.AppStore|iPhone.Build.0 = Debug|Any CPU
		{0585244C-846A-4C25-B2A9-213D99684ABE}.AppStore|iPhone.Deploy.0 = Debug|Any CPU
		{0585244C-846A-4C25-B2A9-213D99684ABE}.AppStore|iPhoneSimulator.ActiveCfg = Debug|Any CPU
		{0585244C-846A-4C25-B2A9-213D99684ABE}.AppStore|iPhoneSimulator.Build.0 = Debug|Any CPU
		{0585244C-846A-4C25-B2A9-213D99684ABE}.AppStore|iPhoneSimulator.Deploy.0 = Debug|Any CPU
		{0585244C-846A-4C25-B2A9-213D99684ABE}.Debug|Any CPU.ActiveCfg = Debug|Any CPU
		{0585244C-846A-4C25-B2A9-213D99684ABE}.Debug|Any CPU.Build.0 = Debug|Any CPU
		{0585244C-846A-4C25-B2A9-213D99684ABE}.Debug|Any CPU.Deploy.0 = Debug|Any CPU
		{0585244C-846A-4C25-B2A9-213D99684ABE}.Debug|iPhone.ActiveCfg = Debug|Any CPU
		{0585244C-846A-4C25-B2A9-213D99684ABE}.Debug|iPhone.Build.0 = Debug|Any CPU
		{0585244C-846A-4C25-B2A9-213D99684ABE}.Debug|iPhone.Deploy.0 = Debug|Any CPU
		{0585244C-846A-4C25-B2A9-213D99684ABE}.Debug|iPhoneSimulator.ActiveCfg = Debug|Any CPU
		{0585244C-846A-4C25-B2A9-213D99684ABE}.Debug|iPhoneSimulator.Build.0 = Debug|Any CPU
		{0585244C-846A-4C25-B2A9-213D99684ABE}.Debug|iPhoneSimulator.Deploy.0 = Debug|Any CPU
		{0585244C-846A-4C25-B2A9-213D99684ABE}.Release|Any CPU.ActiveCfg = Release|Any CPU
		{0585244C-846A-4C25-B2A9-213D99684ABE}.Release|Any CPU.Build.0 = Release|Any CPU
		{0585244C-846A-4C25-B2A9-213D99684ABE}.Release|Any CPU.Deploy.0 = Release|Any CPU
		{0585244C-846A-4C25-B2A9-213D99684ABE}.Release|iPhone.ActiveCfg = Release|Any CPU
		{0585244C-846A-4C25-B2A9-213D99684ABE}.Release|iPhone.Build.0 = Release|Any CPU
		{0585244C-846A-4C25-B2A9-213D99684ABE}.Release|iPhone.Deploy.0 = Release|Any CPU
		{0585244C-846A-4C25-B2A9-213D99684ABE}.Release|iPhoneSimulator.ActiveCfg = Release|Any CPU
		{0585244C-846A-4C25-B2A9-213D99684ABE}.Release|iPhoneSimulator.Build.0 = Release|Any CPU
		{0585244C-846A-4C25-B2A9-213D99684ABE}.Release|iPhoneSimulator.Deploy.0 = Release|Any CPU
	EndGlobalSection
	GlobalSection(SolutionProperties) = preSolution
		HideSolutionNode = FALSE
	EndGlobalSection
	GlobalSection(ExtensibilityGlobals) = postSolution
		SolutionGuid = {B438A90C-F4C3-4F60-9803-9D2A80C34125}
	EndGlobalSection
EndGlobal
